
Microsoft Visual Studio Solution File, Format Version 12.00
# Visual Studio 15
VisualStudioVersion = 15.0.27428.2027
MinimumVisualStudioVersion = 10.0.40219.1
Project("{FAE04EC0-301F-11D3-BF4B-00C04F79EFBC}") = "VONV", "VONV\VONV.csproj", "{1C8CDED7-4260-4D3E-A4C7-10114586F5DF}"
	ProjectSection(ProjectDependencies) = postProject
		{DE50D3A6-B49E-47A0-ABE6-101473A00759} = {DE50D3A6-B49E-47A0-ABE6-101473A00759}
	EndProjectSection
EndProject
Project("{FAE04EC0-301F-11D3-BF4B-00C04F79EFBC}") = "CodeWalker.Core", "..\..\..\..\..\..\GitHub\CodeWalker\CodeWalker.Core\CodeWalker.Core.csproj", "{DE50D3A6-B49E-47A0-ABE6-101473A00759}"
EndProject
Global
	GlobalSection(SolutionConfigurationPlatforms) = preSolution
		Debug|Any CPU = Debug|Any CPU
		Release|Any CPU = Release|Any CPU
	EndGlobalSection
	GlobalSection(ProjectConfigurationPlatforms) = postSolution
		{1C8CDED7-4260-4D3E-A4C7-10114586F5DF}.Debug|Any CPU.ActiveCfg = Debug|Any CPU
		{1C8CDED7-4260-4D3E-A4C7-10114586F5DF}.Debug|Any CPU.Build.0 = Debug|Any CPU
		{1C8CDED7-4260-4D3E-A4C7-10114586F5DF}.Release|Any CPU.ActiveCfg = Release|Any CPU
		{1C8CDED7-4260-4D3E-A4C7-10114586F5DF}.Release|Any CPU.Build.0 = Release|Any CPU
		{DE50D3A6-B49E-47A0-ABE6-101473A00759}.Debug|Any CPU.ActiveCfg = Debug|Any CPU
		{DE50D3A6-B49E-47A0-ABE6-101473A00759}.Debug|Any CPU.Build.0 = Debug|Any CPU
		{DE50D3A6-B49E-47A0-ABE6-101473A00759}.Release|Any CPU.ActiveCfg = Release|Any CPU
		{DE50D3A6-B49E-47A0-ABE6-101473A00759}.Release|Any CPU.Build.0 = Release|Any CPU
	EndGlobalSection
	GlobalSection(SolutionProperties) = preSolution
		HideSolutionNode = FALSE
	EndGlobalSection
	GlobalSection(ExtensibilityGlobals) = postSolution
		SolutionGuid = {689904B8-23FF-4E91-9C73-F535C93053EB}
	EndGlobalSection
EndGlobal
